
Microsoft Visual Studio Solution File, Format Version 11.00
# Visual Studio 2010
Project("{FAE04EC0-301F-11D3-BF4B-00C04F79EFBC}") = "SpeakingNumbers", "SpeakingNumbers\SpeakingNumbers.csproj", "{5D5453CB-B4F1-4035-8A5C-14F854CFAB11}"
EndProject
Project("{FAE04EC0-301F-11D3-BF4B-00C04F79EFBC}") = "SpeakingNumbers.Tests", "SpeakingNumbers.Tests\SpeakingNumbers.Tests.csproj", "{1BE3B273-9EFF-4325-9EC9-C791AD95540E}"
EndProject
Global
	GlobalSection(SolutionConfigurationPlatforms) = preSolution
		Debug|Any CPU = Debug|Any CPU
		Release|Any CPU = Release|Any CPU
	EndGlobalSection
	GlobalSection(ProjectConfigurationPlatforms) = postSolution
		{5D5453CB-B4F1-4035-8A5C-14F854CFAB11}.Debug|Any CPU.ActiveCfg = Debug|Any CPU
		{5D5453CB-B4F1-4035-8A5C-14F854CFAB11}.Debug|Any CPU.Build.0 = Debug|Any CPU
		{5D5453CB-B4F1-4035-8A5C-14F854CFAB11}.Release|Any CPU.ActiveCfg = Release|Any CPU
		{5D5453CB-B4F1-4035-8A5C-14F854CFAB11}.Release|Any CPU.Build.0 = Release|Any CPU
		{1BE3B273-9EFF-4325-9EC9-C791AD95540E}.Debug|Any CPU.ActiveCfg = Debug|Any CPU
		{1BE3B273-9EFF-4325-9EC9-C791AD95540E}.Debug|Any CPU.Build.0 = Debug|Any CPU
		{1BE3B273-9EFF-4325-9EC9-C791AD95540E}.Release|Any CPU.ActiveCfg = Release|Any CPU
		{1BE3B273-9EFF-4325-9EC9-C791AD95540E}.Release|Any CPU.Build.0 = Release|Any CPU
	EndGlobalSection
	GlobalSection(SolutionProperties) = preSolution
		HideSolutionNode = FALSE
	EndGlobalSection
EndGlobal
